
Microsoft Visual Studio Solution File, Format Version 12.00
# Visual Studio Version 16
VisualStudioVersion = 16.0.29503.13
MinimumVisualStudioVersion = 10.0.40219.1
Project("{FAE04EC0-301F-11D3-BF4B-00C04F79EFBC}") = "AdventOfCode", "AdventOfCode\AdventOfCode.csproj", "{716159E0-CE52-4D54-BC58-A6DE91A16120}"
EndProject
Global
	GlobalSection(SolutionConfigurationPlatforms) = preSolution
		Debug|Any CPU = Debug|Any CPU
		Release|Any CPU = Release|Any CPU
	EndGlobalSection
	GlobalSection(ProjectConfigurationPlatforms) = postSolution
		{716159E0-CE52-4D54-BC58-A6DE91A16120}.Debug|Any CPU.ActiveCfg = Debug|Any CPU
		{716159E0-CE52-4D54-BC58-A6DE91A16120}.Debug|Any CPU.Build.0 = Debug|Any CPU
		{716159E0-CE52-4D54-BC58-A6DE91A16120}.Release|Any CPU.ActiveCfg = Release|Any CPU
		{716159E0-CE52-4D54-BC58-A6DE91A16120}.Release|Any CPU.Build.0 = Release|Any CPU
	EndGlobalSection
	GlobalSection(SolutionProperties) = preSolution
		HideSolutionNode = FALSE
	EndGlobalSection
	GlobalSection(ExtensibilityGlobals) = postSolution
		SolutionGuid = {4BA75E6B-41D5-4651-A8A7-0A31509FFDF7}
	EndGlobalSection
EndGlobal
